
Microsoft Visual Studio Solution File, Format Version 12.00
# Visual Studio Version 17
VisualStudioVersion = 17.3.32819.101
MinimumVisualStudioVersion = 10.0.40219.1
Project("{9A19103F-16F7-4668-BE54-9A1E7A4F7556}") = "Figure8Challenge.Angular", "PetsAlone.Angular\Figure8Challenge.Angular.csproj", "{5CDCA49F-AD53-4820-9711-159D54D75A3A}"
EndProject
Project("{9A19103F-16F7-4668-BE54-9A1E7A4F7556}") = "Figure8Challenge.Core", "PetsAlone.Core\Figure8Challenge.Core.csproj", "{FF44EDDA-A9A2-4ABA-9BEA-2BD196C902F6}"
EndProject
Project("{2150E333-8FDC-42A3-9474-1A3956D46DE8}") = "Web", "Web", "{AC662081-9B5D-438A-9746-38245D896BBC}"
EndProject
Project("{9A19103F-16F7-4668-BE54-9A1E7A4F7556}") = "Figure8Challenge.Core.UnitTest", "PetAlone.Core.UnitTest\Figure8Challenge.Core.UnitTest.csproj", "{4E54D686-83D4-4BAF-8917-014BD3EC0810}"
EndProject
Global
	GlobalSection(SolutionConfigurationPlatforms) = preSolution
		Debug|Any CPU = Debug|Any CPU
		Release|Any CPU = Release|Any CPU
	EndGlobalSection
	GlobalSection(ProjectConfigurationPlatforms) = postSolution
		{5CDCA49F-AD53-4820-9711-159D54D75A3A}.Debug|Any CPU.ActiveCfg = Debug|Any CPU
		{5CDCA49F-AD53-4820-9711-159D54D75A3A}.Debug|Any CPU.Build.0 = Debug|Any CPU
		{5CDCA49F-AD53-4820-9711-159D54D75A3A}.Release|Any CPU.ActiveCfg = Release|Any CPU
		{5CDCA49F-AD53-4820-9711-159D54D75A3A}.Release|Any CPU.Build.0 = Release|Any CPU
		{FF44EDDA-A9A2-4ABA-9BEA-2BD196C902F6}.Debug|Any CPU.ActiveCfg = Debug|Any CPU
		{FF44EDDA-A9A2-4ABA-9BEA-2BD196C902F6}.Debug|Any CPU.Build.0 = Debug|Any CPU
		{FF44EDDA-A9A2-4ABA-9BEA-2BD196C902F6}.Release|Any CPU.ActiveCfg = Release|Any CPU
		{FF44EDDA-A9A2-4ABA-9BEA-2BD196C902F6}.Release|Any CPU.Build.0 = Release|Any CPU
		{4E54D686-83D4-4BAF-8917-014BD3EC0810}.Debug|Any CPU.ActiveCfg = Debug|Any CPU
		{4E54D686-83D4-4BAF-8917-014BD3EC0810}.Debug|Any CPU.Build.0 = Debug|Any CPU
		{4E54D686-83D4-4BAF-8917-014BD3EC0810}.Release|Any CPU.ActiveCfg = Release|Any CPU
		{4E54D686-83D4-4BAF-8917-014BD3EC0810}.Release|Any CPU.Build.0 = Release|Any CPU
	EndGlobalSection
	GlobalSection(SolutionProperties) = preSolution
		HideSolutionNode = FALSE
	EndGlobalSection
	GlobalSection(NestedProjects) = preSolution
		{5CDCA49F-AD53-4820-9711-159D54D75A3A} = {AC662081-9B5D-438A-9746-38245D896BBC}
	EndGlobalSection
	GlobalSection(ExtensibilityGlobals) = postSolution
		SolutionGuid = {5D1598E5-E199-47EC-AE46-027544153773}
	EndGlobalSection
EndGlobal
